
Microsoft Visual Studio Solution File, Format Version 12.00
# Visual Studio Version 16
VisualStudioVersion = 16.0.30611.23
MinimumVisualStudioVersion = 15.0.26124.0
Project("{FAE04EC0-301F-11D3-BF4B-00C04F79EFBC}") = "OtelKursach3.Objects", "Objects/OtelKursach3.Objects.csproj", "1057df1f-b43c-4f3f-8d6c-9bf7e4f2b1fb"
EndProject
Project("{FAE04EC0-301F-11D3-BF4B-00C04F79EFBC}") = "OtelKursach3.Tests", "Tests/OtelKursach3.Tests.csproj", "342a2b46-b4f3-403a-8825-d1810232f841"
EndProject
Project("{FAE04EC0-301F-11D3-BF4B-00C04F79EFBC}") = "OtelKursach3.ODataBackend", "ODataBackend/OtelKursach3.ODataBackend.csproj", "5078a9f9-a628-4238-a7fd-a1db5ef01a8f"
EndProject
Project("{FAE04EC0-301F-11D3-BF4B-00C04F79EFBC}") = "OtelKursach3.IntegrationTests", "IntegrationTests/OtelKursach3.IntegrationTests.csproj", "08823369-7bd0-4590-a405-694f8ba9c2dd"
EndProject
Global
	GlobalSection(SolutionConfigurationPlatforms) = preSolution
Debug|Any CPU = Debug|Any CPU
Release|Any CPU = Release|Any CPU
	EndGlobalSection
	GlobalSection(ProjectConfigurationPlatforms) = postSolution
		1057df1f-b43c-4f3f-8d6c-9bf7e4f2b1fb.Debug|Any CPU.ActiveCfg = Debug|Any CPU
		1057df1f-b43c-4f3f-8d6c-9bf7e4f2b1fb.Debug|Any CPU.Build.0 = Debug|Any CPU
		1057df1f-b43c-4f3f-8d6c-9bf7e4f2b1fb.Release|Any CPU.ActiveCfg = Release|Any CPU
		1057df1f-b43c-4f3f-8d6c-9bf7e4f2b1fb.Release|Any CPU.Build.0 = Release|Any CPU
		342a2b46-b4f3-403a-8825-d1810232f841.Debug|Any CPU.ActiveCfg = Debug|Any CPU
		342a2b46-b4f3-403a-8825-d1810232f841.Debug|Any CPU.Build.0 = Debug|Any CPU
		342a2b46-b4f3-403a-8825-d1810232f841.Release|Any CPU.ActiveCfg = Release|Any CPU
		342a2b46-b4f3-403a-8825-d1810232f841.Release|Any CPU.Build.0 = Release|Any CPU
		5078a9f9-a628-4238-a7fd-a1db5ef01a8f.Debug|Any CPU.ActiveCfg = Debug|Any CPU
		5078a9f9-a628-4238-a7fd-a1db5ef01a8f.Debug|Any CPU.Build.0 = Debug|Any CPU
		5078a9f9-a628-4238-a7fd-a1db5ef01a8f.Release|Any CPU.ActiveCfg = Release|Any CPU
		5078a9f9-a628-4238-a7fd-a1db5ef01a8f.Release|Any CPU.Build.0 = Release|Any CPU
		08823369-7bd0-4590-a405-694f8ba9c2dd.Debug|Any CPU.ActiveCfg = Debug|Any CPU
		08823369-7bd0-4590-a405-694f8ba9c2dd.Debug|Any CPU.Build.0 = Debug|Any CPU
		08823369-7bd0-4590-a405-694f8ba9c2dd.Release|Any CPU.ActiveCfg = Release|Any CPU
		08823369-7bd0-4590-a405-694f8ba9c2dd.Release|Any CPU.Build.0 = Release|Any CPU
	EndGlobalSection
	GlobalSection(SolutionProperties) = preSolution
		HideSolutionNode = FALSE
	EndGlobalSection
EndGlobal
